// !$*UTF8*$!
{
	archiveVersion = 1;
	classes = {
	};
	objectVersion = 56;
	objects = {

/* Begin PBXBuildFile section */
		A10000012C12345600000001 /* NetPulseApp.swift in Sources */ = {isa = PBXBuildFile; fileRef = B10000012C12345600000001 /* NetPulseApp.swift */; };
		A10000022C12345600000002 /* ContentView.swift in Sources */ = {isa = PBXBuildFile; fileRef = B10000022C12345600000002 /* ContentView.swift */; };
		A10000032C12345600000003 /* HostTarget.swift in Sources */ = {isa = PBXBuildFile; fileRef = B10000032C12345600000003 /* HostTarget.swift */; };
		A10000042C12345600000004 /* PingRecord.swift in Sources */ = {isa = PBXBuildFile; fileRef = B10000042C12345600000004 /* PingRecord.swift */; };
		A10000052C12345600000005 /* HostMetrics.swift in Sources */ = {isa = PBXBuildFile; fileRef = B10000052C12345600000005 /* HostMetrics.swift */; };
		A10000062C12345600000006 /* NetworkInterfaceInfo.swift in Sources */ = {isa = PBXBuildFile; fileRef = B10000062C12345600000006 /* NetworkInterfaceInfo.swift */; };
		A10000072C12345600000007 /* SpeedtestResult.swift in Sources */ = {isa = PBXBuildFile; fileRef = B10000072C12345600000007 /* SpeedtestResult.swift */; };
		A10000082C12345600000008 /* TracerouteHop.swift in Sources */ = {isa = PBXBuildFile; fileRef = B10000082C12345600000008 /* TracerouteHop.swift */; };
		A10000092C12345600000009 /* NetworkAlert.swift in Sources */ = {isa = PBXBuildFile; fileRef = B10000092C12345600000009 /* NetworkAlert.swift */; };
		A100000A2C1234560000000A /* PingEngine.swift in Sources */ = {isa = PBXBuildFile; fileRef = B100000A2C1234560000000A /* PingEngine.swift */; };
		A100000B2C1234560000000B /* JitterAnalyzer.swift in Sources */ = {isa = PBXBuildFile; fileRef = B100000B2C1234560000000B /* JitterAnalyzer.swift */; };
		A100000C2C1234560000000C /* SpeedtestEngine.swift in Sources */ = {isa = PBXBuildFile; fileRef = B100000C2C1234560000000C /* SpeedtestEngine.swift */; };
		A100000D2C1234560000000D /* NetworkDiagnostics.swift in Sources */ = {isa = PBXBuildFile; fileRef = B100000D2C1234560000000D /* NetworkDiagnostics.swift */; };
		A100000E2C1234560000000E /* TracerouteEngine.swift in Sources */ = {isa = PBXBuildFile; fileRef = B100000E2C1234560000000E /* TracerouteEngine.swift */; };
		A100000F2C1234560000000F /* NetworkMonitorViewModel.swift in Sources */ = {isa = PBXBuildFile; fileRef = B100000F2C1234560000000F /* NetworkMonitorViewModel.swift */; };
		A10000102C12345600000010 /* DashboardView.swift in Sources */ = {isa = PBXBuildFile; fileRef = B10000102C12345600000010 /* DashboardView.swift */; };
		A10000112C12345600000011 /* SettingsView.swift in Sources */ = {isa = PBXBuildFile; fileRef = B10000112C12345600000011 /* SettingsView.swift */; };
		A10000122C12345600000012 /* NetworkInfoCardView.swift in Sources */ = {isa = PBXBuildFile; fileRef = B10000122C12345600000012 /* NetworkInfoCardView.swift */; };
		A10000132C12345600000013 /* HostMetricCardView.swift in Sources */ = {isa = PBXBuildFile; fileRef = B10000132C12345600000013 /* HostMetricCardView.swift */; };
		A10000142C12345600000014 /* LatencyChartView.swift in Sources */ = {isa = PBXBuildFile; fileRef = B10000142C12345600000014 /* LatencyChartView.swift */; };
		A10000152C12345600000015 /* SpeedtestGaugeView.swift in Sources */ = {isa = PBXBuildFile; fileRef = B10000152C12345600000015 /* SpeedtestGaugeView.swift */; };
		A10000162C12345600000016 /* TracerouteSheetView.swift in Sources */ = {isa = PBXBuildFile; fileRef = B10000162C12345600000016 /* TracerouteSheetView.swift */; };
		A10000172C12345600000017 /* AlertsBannerView.swift in Sources */ = {isa = PBXBuildFile; fileRef = B10000172C12345600000017 /* AlertsBannerView.swift */; };
		A10000182C12345600000018 /* HapticManager.swift in Sources */ = {isa = PBXBuildFile; fileRef = B10000182C12345600000018 /* HapticManager.swift */; };
		A10000192C12345600000019 /* HistoryStorage.swift in Sources */ = {isa = PBXBuildFile; fileRef = B10000192C12345600000019 /* HistoryStorage.swift */; };
		A10000212C1234560000002B /* SpeedtestHeroView.swift in Sources */ = {isa = PBXBuildFile; fileRef = B10000212C1234560000002B /* SpeedtestHeroView.swift */; };
		A10000222C1234560000002C /* NetworkCapability.swift in Sources */ = {isa = PBXBuildFile; fileRef = B10000222C1234560000002C /* NetworkCapability.swift */; };
		A10000232C1234560000002D /* NetworkCapabilityCardView.swift in Sources */ = {isa = PBXBuildFile; fileRef = B10000232C1234560000002D /* NetworkCapabilityCardView.swift */; };
		A10000242C1234560000002E /* DiagnosticsView.swift in Sources */ = {isa = PBXBuildFile; fileRef = B10000242C1234560000002E /* DiagnosticsView.swift */; };
		A10000252C1234560000002F /* NetPulseAttributes.swift in Sources */ = {isa = PBXBuildFile; fileRef = B10000252C1234560000002F /* NetPulseAttributes.swift */; };
		A10000262C12345600000030 /* ActivityManager.swift in Sources */ = {isa = PBXBuildFile; fileRef = B10000262C12345600000030 /* ActivityManager.swift */; };
		A10000272C12345600000031 /* NetPulseLiveActivityWidget.swift in Sources */ = {isa = PBXBuildFile; fileRef = B10000272C12345600000031 /* NetPulseLiveActivityWidget.swift */; };
		A10000282C12345600000032 /* FloatingGameOverlayView.swift in Sources */ = {isa = PBXBuildFile; fileRef = B10000282C12345600000032 /* FloatingGameOverlayView.swift */; };
		A1000020AC1234560000002A /* Assets.xcassets in Resources */ = {isa = PBXBuildFile; fileRef = B1000020AC1234560000002A /* Assets.xcassets */; };
		A20000012C12345600000001 /* NetPulseWidgetsBundle.swift in Sources */ = {isa = PBXBuildFile; fileRef = B20000022C12345600000002 /* NetPulseWidgetsBundle.swift */; };
		A20000022C12345600000002 /* NetPulseLiveActivityWidget.swift in Sources */ = {isa = PBXBuildFile; fileRef = B20000042C12345600000004 /* NetPulseLiveActivityWidget.swift */; };
		A20000032C12345600000003 /* NetPulseAttributes.swift in Sources */ = {isa = PBXBuildFile; fileRef = B20000052C12345600000005 /* NetPulseAttributes.swift */; };
		A20000042C12345600000004 /* NetPulseWidgets.appex in Embed App Extensions */ = {isa = PBXBuildFile; fileRef = B20000012C12345600000001 /* NetPulseWidgets.appex */; settings = {ATTRIBUTES = (RemoveHeadersOnCopy, ); }; };
/* End PBXBuildFile section */

/* Begin PBXContainerItemProxy section */
		P20000012C12345600000001 /* PBXContainerItemProxy */ = {
			isa = PBXContainerItemProxy;
			containerPortal = 010000002C12345600000000 /* Project object */;
			proxyType = 1;
			remoteGlobalIDString = F20000012C12345600000001;
			remoteInfo = NetPulseWidgets;
		};
/* End PBXContainerItemProxy section */

/* Begin PBXCopyFilesBuildPhase section */
		D10000042C12345600000004 /* Embed App Extensions */ = {
			isa = PBXCopyFilesBuildPhase;
			buildActionMask = 2147483647;
			dstPath = "";
			dstSubfolderSpec = 13;
			files = (
				A20000042C12345600000004 /* NetPulseWidgets.appex in Embed App Extensions */,
			);
			name = "Embed App Extensions";
			runOnlyForDeploymentPostprocessing = 0;
		};
/* End PBXCopyFilesBuildPhase section */

/* Begin PBXFileReference section */
		C10000002C12345600000000 /* NetPulse.app */ = {isa = PBXFileReference; explicitFileType = wrapper.application; includeInIndex = 0; path = NetPulse.app; sourceTree = BUILT_PRODUCTS_DIR; };
		B10000002C12345600000000 /* Info.plist */ = {isa = PBXFileReference; lastKnownFileType = text.plist.xml; path = Info.plist; sourceTree = "<group>"; };
		B10000012C12345600000001 /* NetPulseApp.swift */ = {isa = PBXFileReference; lastKnownFileType = sourcecode.swift; path = NetPulseApp.swift; sourceTree = "<group>"; };
		B10000022C12345600000002 /* ContentView.swift */ = {isa = PBXFileReference; lastKnownFileType = sourcecode.swift; path = ContentView.swift; sourceTree = "<group>"; };
		B10000032C12345600000003 /* HostTarget.swift */ = {isa = PBXFileReference; lastKnownFileType = sourcecode.swift; path = Models/HostTarget.swift; sourceTree = "<group>"; };
		B10000042C12345600000004 /* PingRecord.swift */ = {isa = PBXFileReference; lastKnownFileType = sourcecode.swift; path = Models/PingRecord.swift; sourceTree = "<group>"; };
		B10000052C12345600000005 /* HostMetrics.swift */ = {isa = PBXFileReference; lastKnownFileType = sourcecode.swift; path = Models/HostMetrics.swift; sourceTree = "<group>"; };
		B10000062C12345600000006 /* NetworkInterfaceInfo.swift */ = {isa = PBXFileReference; lastKnownFileType = sourcecode.swift; path = Models/NetworkInterfaceInfo.swift; sourceTree = "<group>"; };
		B10000072C12345600000007 /* SpeedtestResult.swift */ = {isa = PBXFileReference; lastKnownFileType = sourcecode.swift; path = Models/SpeedtestResult.swift; sourceTree = "<group>"; };
		B10000082C12345600000008 /* TracerouteHop.swift */ = {isa = PBXFileReference; lastKnownFileType = sourcecode.swift; path = Models/TracerouteHop.swift; sourceTree = "<group>"; };
		B10000092C12345600000009 /* NetworkAlert.swift */ = {isa = PBXFileReference; lastKnownFileType = sourcecode.swift; path = Models/NetworkAlert.swift; sourceTree = "<group>"; };
		B10000222C1234560000002C /* NetworkCapability.swift */ = {isa = PBXFileReference; lastKnownFileType = sourcecode.swift; path = Models/NetworkCapability.swift; sourceTree = "<group>"; };
		B10000252C1234560000002F /* NetPulseAttributes.swift */ = {isa = PBXFileReference; lastKnownFileType = sourcecode.swift; path = Models/NetPulseAttributes.swift; sourceTree = "<group>"; };
		B100000A2C1234560000000A /* PingEngine.swift */ = {isa = PBXFileReference; lastKnownFileType = sourcecode.swift; path = Engines/PingEngine.swift; sourceTree = "<group>"; };
		B100000B2C1234560000000B /* JitterAnalyzer.swift */ = {isa = PBXFileReference; lastKnownFileType = sourcecode.swift; path = Engines/JitterAnalyzer.swift; sourceTree = "<group>"; };
		B100000C2C1234560000000C /* SpeedtestEngine.swift */ = {isa = PBXFileReference; lastKnownFileType = sourcecode.swift; path = Engines/SpeedtestEngine.swift; sourceTree = "<group>"; };
		B100000D2C1234560000000D /* NetworkDiagnostics.swift */ = {isa = PBXFileReference; lastKnownFileType = sourcecode.swift; path = Engines/NetworkDiagnostics.swift; sourceTree = "<group>"; };
		B100000E2C1234560000000E /* TracerouteEngine.swift */ = {isa = PBXFileReference; lastKnownFileType = sourcecode.swift; path = Engines/TracerouteEngine.swift; sourceTree = "<group>"; };
		B100000F2C1234560000000F /* NetworkMonitorViewModel.swift */ = {isa = PBXFileReference; lastKnownFileType = sourcecode.swift; path = ViewModels/NetworkMonitorViewModel.swift; sourceTree = "<group>"; };
		B10000102C12345600000010 /* DashboardView.swift */ = {isa = PBXFileReference; lastKnownFileType = sourcecode.swift; path = Views/DashboardView.swift; sourceTree = "<group>"; };
		B10000242C1234560000002E /* DiagnosticsView.swift */ = {isa = PBXFileReference; lastKnownFileType = sourcecode.swift; path = Views/DiagnosticsView.swift; sourceTree = "<group>"; };
		B10000112C12345600000011 /* SettingsView.swift */ = {isa = PBXFileReference; lastKnownFileType = sourcecode.swift; path = Views/SettingsView.swift; sourceTree = "<group>"; };
		B10000122C12345600000012 /* NetworkInfoCardView.swift */ = {isa = PBXFileReference; lastKnownFileType = sourcecode.swift; path = Views/Components/NetworkInfoCardView.swift; sourceTree = "<group>"; };
		B10000132C12345600000013 /* HostMetricCardView.swift */ = {isa = PBXFileReference; lastKnownFileType = sourcecode.swift; path = Views/Components/HostMetricCardView.swift; sourceTree = "<group>"; };
		B10000142C12345600000014 /* LatencyChartView.swift */ = {isa = PBXFileReference; lastKnownFileType = sourcecode.swift; path = Views/Components/LatencyChartView.swift; sourceTree = "<group>"; };
		B10000152C12345600000015 /* SpeedtestGaugeView.swift */ = {isa = PBXFileReference; lastKnownFileType = sourcecode.swift; path = Views/Components/SpeedtestGaugeView.swift; sourceTree = "<group>"; };
		B10000162C12345600000016 /* TracerouteSheetView.swift */ = {isa = PBXFileReference; lastKnownFileType = sourcecode.swift; path = Views/Components/TracerouteSheetView.swift; sourceTree = "<group>"; };
		B10000172C12345600000017 /* AlertsBannerView.swift */ = {isa = PBXFileReference; lastKnownFileType = sourcecode.swift; path = Views/Components/AlertsBannerView.swift; sourceTree = "<group>"; };
		B10000212C1234560000002B /* SpeedtestHeroView.swift */ = {isa = PBXFileReference; lastKnownFileType = sourcecode.swift; path = Views/Components/SpeedtestHeroView.swift; sourceTree = "<group>"; };
		B10000232C1234560000002D /* NetworkCapabilityCardView.swift */ = {isa = PBXFileReference; lastKnownFileType = sourcecode.swift; path = Views/Components/NetworkCapabilityCardView.swift; sourceTree = "<group>"; };
		B10000272C12345600000031 /* NetPulseLiveActivityWidget.swift */ = {isa = PBXFileReference; lastKnownFileType = sourcecode.swift; path = Views/Components/NetPulseLiveActivityWidget.swift; sourceTree = "<group>"; };
		B10000282C12345600000032 /* FloatingGameOverlayView.swift */ = {isa = PBXFileReference; lastKnownFileType = sourcecode.swift; path = Views/Components/FloatingGameOverlayView.swift; sourceTree = "<group>"; };
		B10000182C12345600000018 /* HapticManager.swift */ = {isa = PBXFileReference; lastKnownFileType = sourcecode.swift; path = Utils/HapticManager.swift; sourceTree = "<group>"; };
		B10000192C12345600000019 /* HistoryStorage.swift */ = {isa = PBXFileReference; lastKnownFileType = sourcecode.swift; path = Utils/HistoryStorage.swift; sourceTree = "<group>"; };
		B10000262C12345600000030 /* ActivityManager.swift */ = {isa = PBXFileReference; lastKnownFileType = sourcecode.swift; path = Utils/ActivityManager.swift; sourceTree = "<group>"; };
		B1000020AC1234560000002A /* Assets.xcassets */ = {isa = PBXFileReference; lastKnownFileType = folder.assetcatalog; path = Assets.xcassets; sourceTree = "<group>"; };
		B20000012C12345600000001 /* NetPulseWidgets.appex */ = {isa = PBXFileReference; explicitFileType = "wrapper.app-extension"; includeInIndex = 0; path = NetPulseWidgets.appex; sourceTree = BUILT_PRODUCTS_DIR; };
		B20000022C12345600000002 /* NetPulseWidgetsBundle.swift */ = {isa = PBXFileReference; lastKnownFileType = sourcecode.swift; path = NetPulseWidgets/NetPulseWidgetsBundle.swift; sourceTree = "<group>"; };
		B20000032C12345600000003 /* Info.plist */ = {isa = PBXFileReference; lastKnownFileType = text.plist.xml; path = NetPulseWidgets/Info.plist; sourceTree = "<group>"; };
		B20000042C12345600000004 /* NetPulseLiveActivityWidget.swift */ = {isa = PBXFileReference; lastKnownFileType = sourcecode.swift; path = NetPulseWidgets/NetPulseLiveActivityWidget.swift; sourceTree = "<group>"; };
		B20000052C12345600000005 /* NetPulseAttributes.swift */ = {isa = PBXFileReference; lastKnownFileType = sourcecode.swift; path = NetPulseWidgets/NetPulseAttributes.swift; sourceTree = "<group>"; };
/* End PBXFileReference section */

/* Begin PBXFrameworksBuildPhase section */
		D10000012C12345600000001 /* Frameworks */ = {
			isa = PBXFrameworksBuildPhase;
			buildActionMask = 2147483647;
			files = (
			);
			runOnlyForDeploymentPostprocessing = 0;
		};
		D20000012C12345600000001 /* Frameworks */ = {
			isa = PBXFrameworksBuildPhase;
			buildActionMask = 2147483647;
			files = (
			);
			runOnlyForDeploymentPostprocessing = 0;
		};
/* End PBXFrameworksBuildPhase section */

/* Begin PBXGroup section */
		E10000002C12345600000000 = {
			isa = PBXGroup;
			children = (
				B10000002C12345600000000 /* Info.plist */,
				B10000012C12345600000001 /* NetPulseApp.swift */,
				B10000022C12345600000002 /* ContentView.swift */,
				E10000022C12345600000002 /* Models */,
				E10000032C12345600000003 /* Engines */,
				E10000042C12345600000004 /* ViewModels */,
				E10000052C12345600000005 /* Views */,
				E10000072C12345600000007 /* Utils */,
				B1000020AC1234560000002A /* Assets.xcassets */,
				E20000022C12345600000002 /* NetPulseWidgets */,
				E10000082C12345600000008 /* Products */,
			);
			sourceTree = "<group>";
		};
		E20000022C12345600000002 /* NetPulseWidgets */ = {
			isa = PBXGroup;
			children = (
				B20000022C12345600000002 /* NetPulseWidgetsBundle.swift */,
				B20000042C12345600000004 /* NetPulseLiveActivityWidget.swift */,
				B20000052C12345600000005 /* NetPulseAttributes.swift */,
				B20000032C12345600000003 /* Info.plist */,
			);
			name = NetPulseWidgets;
			sourceTree = "<group>";
		};
		E10000022C12345600000002 /* Models */ = {
			isa = PBXGroup;
			children = (
				B10000032C12345600000003 /* HostTarget.swift */,
				B10000042C12345600000004 /* PingRecord.swift */,
				B10000052C12345600000005 /* HostMetrics.swift */,
				B10000062C12345600000006 /* NetworkInterfaceInfo.swift */,
				B10000072C12345600000007 /* SpeedtestResult.swift */,
				B10000082C12345600000008 /* TracerouteHop.swift */,
				B10000092C12345600000009 /* NetworkAlert.swift */,
				B10000222C1234560000002C /* NetworkCapability.swift */,
				B10000252C1234560000002F /* NetPulseAttributes.swift */,
			);
			name = Models;
			sourceTree = "<group>";
		};
		E10000032C12345600000003 /* Engines */ = {
			isa = PBXGroup;
			children = (
				B100000A2C1234560000000A /* PingEngine.swift */,
				B100000B2C1234560000000B /* JitterAnalyzer.swift */,
				B100000C2C1234560000000C /* SpeedtestEngine.swift */,
				B100000D2C1234560000000D /* NetworkDiagnostics.swift */,
				B100000E2C1234560000000E /* TracerouteEngine.swift */,
			);
			name = Engines;
			sourceTree = "<group>";
		};
		E10000042C12345600000004 /* ViewModels */ = {
			isa = PBXGroup;
			children = (
				B100000F2C1234560000000F /* NetworkMonitorViewModel.swift */,
			);
			name = ViewModels;
			sourceTree = "<group>";
		};
		E10000052C12345600000005 /* Views */ = {
			isa = PBXGroup;
			children = (
				B10000102C12345600000010 /* DashboardView.swift */,
				B10000242C1234560000002E /* DiagnosticsView.swift */,
				B10000112C12345600000011 /* SettingsView.swift */,
				E10000062C12345600000006 /* Components */,
			);
			name = Views;
			sourceTree = "<group>";
		};
		E10000062C12345600000006 /* Components */ = {
			isa = PBXGroup;
			children = (
				B10000122C12345600000012 /* NetworkInfoCardView.swift */,
				B10000132C12345600000013 /* HostMetricCardView.swift */,
				B10000142C12345600000014 /* LatencyChartView.swift */,
				B10000152C12345600000015 /* SpeedtestGaugeView.swift */,
				B10000162C12345600000016 /* TracerouteSheetView.swift */,
				B10000172C12345600000017 /* AlertsBannerView.swift */,
				B10000212C1234560000002B /* SpeedtestHeroView.swift */,
				B10000232C1234560000002D /* NetworkCapabilityCardView.swift */,
				B10000272C12345600000031 /* NetPulseLiveActivityWidget.swift */,
				B10000282C12345600000032 /* FloatingGameOverlayView.swift */,
			);
			name = Components;
			sourceTree = "<group>";
		};
		E10000072C12345600000007 /* Utils */ = {
			isa = PBXGroup;
			children = (
				B10000182C12345600000018 /* HapticManager.swift */,
				B10000192C12345600000019 /* HistoryStorage.swift */,
				B10000262C12345600000030 /* ActivityManager.swift */,
			);
			name = Utils;
			sourceTree = "<group>";
		};
		E10000082C12345600000008 /* Products */ = {
			isa = PBXGroup;
			children = (
				C10000002C12345600000000 /* NetPulse.app */,
				B20000012C12345600000001 /* NetPulseWidgets.appex */,
			);
			name = Products;
			sourceTree = "<group>";
		};
/* End PBXGroup section */

/* Begin PBXNativeTarget section */
		F10000012C12345600000001 /* NetPulse */ = {
			isa = PBXNativeTarget;
			buildConfigurationList = G10000012C12345600000001 /* Build configuration list for PBXNativeTarget "NetPulse" */;
			buildPhases = (
				D10000002C12345600000000 /* Sources */,
				D10000012C12345600000001 /* Frameworks */,
				D10000032C12345600000003 /* Resources */,
				D10000042C12345600000004 /* Embed App Extensions */,
			);
			buildRules = (
			);
			dependencies = (
				T20000012C12345600000001 /* PBXTargetDependency */,
			);
			name = NetPulse;
			productName = NetPulse;
			productReference = C10000002C12345600000000 /* NetPulse.app */;
			productType = "com.apple.product-type.application";
		};
		F20000012C12345600000001 /* NetPulseWidgets */ = {
			isa = PBXNativeTarget;
			buildConfigurationList = G20000012C12345600000001 /* Build configuration list for PBXNativeTarget "NetPulseWidgets" */;
			buildPhases = (
				D20000002C12345600000000 /* Sources */,
				D20000012C12345600000001 /* Frameworks */,
				D20000032C12345600000003 /* Resources */,
			);
			buildRules = (
			);
			dependencies = (
			);
			name = NetPulseWidgets;
			productName = NetPulseWidgets;
			productReference = B20000012C12345600000001 /* NetPulseWidgets.appex */;
			productType = "com.apple.product-type.app-extension";
		};
/* End PBXNativeTarget section */

/* Begin PBXProject section */
		010000002C12345600000000 /* Project object */ = {
			isa = PBXProject;
			attributes = {
				BuildIndependentTargetsInParallel = 1;
				LastUpgradeCheck = 1600;
				TargetAttributes = {
					F10000012C12345600000001 = {
						CreatedOnToolsVersion = 16.0;
					};
					F20000012C12345600000001 = {
						CreatedOnToolsVersion = 16.0;
					};
				};
			};
			buildConfigurationList = G10000002C12345600000000 /* Build configuration list for PBXProject "NetPulse" */;
			compatibilityVersion = "Xcode 14.0";
			developmentRegion = ru;
			hasScannedForEncodings = 0;
			knownRegions = (
				ru,
				Base,
			);
			mainGroup = E10000002C12345600000000;
			productRefGroup = E10000082C12345600000008 /* Products */;
			projectDirPath = "";
			projectRoot = "";
			targets = (
				F10000012C12345600000001 /* NetPulse */,
				F20000012C12345600000001 /* NetPulseWidgets */,
			);
		};
/* End PBXProject section */

/* Begin PBXResourcesBuildPhase section */
		D10000032C12345600000003 /* Resources */ = {
			isa = PBXResourcesBuildPhase;
			buildActionMask = 2147483647;
			files = (
				A1000020AC1234560000002A /* Assets.xcassets in Resources */,
			);
			runOnlyForDeploymentPostprocessing = 0;
		};
		D20000032C12345600000003 /* Resources */ = {
			isa = PBXResourcesBuildPhase;
			buildActionMask = 2147483647;
			files = (
			);
			runOnlyForDeploymentPostprocessing = 0;
		};
/* End PBXResourcesBuildPhase section */

/* Begin PBXSourcesBuildPhase section */
		D10000002C12345600000000 /* Sources */ = {
			isa = PBXSourcesBuildPhase;
			buildActionMask = 2147483647;
			files = (
				A10000012C12345600000001 /* NetPulseApp.swift in Sources */,
				A10000022C12345600000002 /* ContentView.swift in Sources */,
				A10000032C12345600000003 /* HostTarget.swift in Sources */,
				A10000042C12345600000004 /* PingRecord.swift in Sources */,
				A10000052C12345600000005 /* HostMetrics.swift in Sources */,
				A10000062C12345600000006 /* NetworkInterfaceInfo.swift in Sources */,
				A10000072C12345600000007 /* SpeedtestResult.swift in Sources */,
				A10000082C12345600000008 /* TracerouteHop.swift in Sources */,
				A10000092C12345600000009 /* NetworkAlert.swift in Sources */,
				A100000A2C1234560000000A /* PingEngine.swift in Sources */,
				A100000B2C1234560000000B /* JitterAnalyzer.swift in Sources */,
				A100000C2C1234560000000C /* SpeedtestEngine.swift in Sources */,
				A100000D2C1234560000000D /* NetworkDiagnostics.swift in Sources */,
				A100000E2C1234560000000E /* TracerouteEngine.swift in Sources */,
				A100000F2C1234560000000F /* NetworkMonitorViewModel.swift in Sources */,
				A10000102C12345600000010 /* DashboardView.swift in Sources */,
				A10000112C12345600000011 /* SettingsView.swift in Sources */,
				A10000122C12345600000012 /* NetworkInfoCardView.swift in Sources */,
				A10000132C12345600000013 /* HostMetricCardView.swift in Sources */,
				A10000142C12345600000014 /* LatencyChartView.swift in Sources */,
				A10000152C12345600000015 /* SpeedtestGaugeView.swift in Sources */,
				A10000162C12345600000016 /* TracerouteSheetView.swift in Sources */,
				A10000172C12345600000017 /* AlertsBannerView.swift in Sources */,
				A10000182C12345600000018 /* HapticManager.swift in Sources */,
				A10000192C12345600000019 /* HistoryStorage.swift in Sources */,
				A10000212C1234560000002B /* SpeedtestHeroView.swift in Sources */,
				A10000222C1234560000002C /* NetworkCapability.swift in Sources */,
				A10000232C1234560000002D /* NetworkCapabilityCardView.swift in Sources */,
				A10000242C1234560000002E /* DiagnosticsView.swift in Sources */,
				A10000252C1234560000002F /* NetPulseAttributes.swift in Sources */,
				A10000262C12345600000030 /* ActivityManager.swift in Sources */,
				A10000272C12345600000031 /* NetPulseLiveActivityWidget.swift in Sources */,
				A10000282C12345600000032 /* FloatingGameOverlayView.swift in Sources */,
			);
			runOnlyForDeploymentPostprocessing = 0;
		};
		D20000002C12345600000000 /* Sources */ = {
			isa = PBXSourcesBuildPhase;
			buildActionMask = 2147483647;
			files = (
				A20000012C12345600000001 /* NetPulseWidgetsBundle.swift in Sources */,
				A20000022C12345600000002 /* NetPulseLiveActivityWidget.swift in Sources */,
				A20000032C12345600000003 /* NetPulseAttributes.swift in Sources */,
			);
			runOnlyForDeploymentPostprocessing = 0;
		};
/* End PBXSourcesBuildPhase section */

/* Begin PBXTargetDependency section */
		T20000012C12345600000001 /* PBXTargetDependency */ = {
			isa = PBXTargetDependency;
			target = F20000012C12345600000001 /* NetPulseWidgets */;
			targetProxy = P20000012C12345600000001 /* PBXContainerItemProxy */;
		};
/* End PBXTargetDependency section */

/* Begin XCBuildConfiguration section */
		H10000002C12345600000000 /* Debug */ = {
			isa = XCBuildConfiguration;
			buildSettings = {
				ALWAYS_SEARCH_USER_PATHS = NO;
				CLANG_ANALYZER_NONNULL = YES;
				CLANG_CXX_LANGUAGE_STANDARD = "gnu++20";
				CLANG_ENABLE_MODULES = YES;
				CLANG_ENABLE_OBJC_ARC = YES;
				COPY_PHASE_STRIP = NO;
				DEBUG_INFORMATION_FORMAT = dwarf;
				ENABLE_STRICT_OBJC_MSGSEND = YES;
				ENABLE_TESTABILITY = YES;
				GCC_DYNAMIC_NO_PIC = NO;
				GCC_OPTIMIZATION_LEVEL = 0;
				GCC_PREPROCESSOR_DEFINITIONS = (
					"DEBUG=1",
					"$(inherited)",
				);
				GCC_WARN_UNINITIALIZED_AUTOS = YES_AGGRESSIVE;
				IPHONEOS_DEPLOYMENT_TARGET = 17.0;
				MTL_ENABLE_DEBUG_INFO = INCLUDE_SOURCE;
				ONLY_ACTIVE_ARCH = YES;
				SDKROOT = iphoneos;
				SWIFT_ACTIVE_COMPILATION_CONDITIONS = "DEBUG $(inherited)";
				SWIFT_OPTIMIZATION_LEVEL = "-Onone";
				SWIFT_STRICT_CONCURRENCY = complete;
				SWIFT_VERSION = 5.0;
			};
			name = Debug;
		};
		H10000012C12345600000001 /* Release */ = {
			isa = XCBuildConfiguration;
			buildSettings = {
				ALWAYS_SEARCH_USER_PATHS = NO;
				CLANG_ANALYZER_NONNULL = YES;
				CLANG_CXX_LANGUAGE_STANDARD = "gnu++20";
				CLANG_ENABLE_MODULES = YES;
				CLANG_ENABLE_OBJC_ARC = YES;
				COPY_PHASE_STRIP = NO;
				DEBUG_INFORMATION_FORMAT = "dwarf-with-dsym";
				ENABLE_NS_ASSERTIONS = NO;
				ENABLE_STRICT_OBJC_MSGSEND = YES;
				GCC_OPTIMIZATION_LEVEL = s;
				GCC_WARN_UNINITIALIZED_AUTOS = YES_AGGRESSIVE;
				IPHONEOS_DEPLOYMENT_TARGET = 17.0;
				MTL_ENABLE_DEBUG_INFO = NO;
				SDKROOT = iphoneos;
				SWIFT_COMPILATION_MODE = wholemodule;
				SWIFT_OPTIMIZATION_LEVEL = "-O";
				SWIFT_STRICT_CONCURRENCY = complete;
				SWIFT_VERSION = 5.0;
				VALIDATE_PRODUCT = YES;
			};
			name = Release;
		};
		H10000022C12345600000002 /* Debug */ = {
			isa = XCBuildConfiguration;
			buildSettings = {
				ASSETCATALOG_COMPILER_APPICON_NAME = AppIcon;
				ASSETCATALOG_COMPILER_GLOBAL_ACCENT_COLOR_NAME = AccentColor;
				CODE_SIGN_STYLE = Automatic;
				CURRENT_PROJECT_VERSION = 1;
				DEVELOPMENT_TEAM = "";
				GENERATE_INFOPLIST_FILE = NO;
				INFOPLIST_FILE = Info.plist;
				LD_RUNPATH_SEARCH_PATHS = (
					"$(inherited)",
					"@executable_path/Frameworks",
				);
				MARKETING_VERSION = 1.0.0;
				PRODUCT_BUNDLE_IDENTIFIER = com.samvel.netpulse;
				PRODUCT_NAME = "$(TARGET_NAME)";
				SWIFT_EMIT_LOC_STRINGS = YES;
				TARGETED_DEVICE_FAMILY = "1,2";
			};
			name = Debug;
		};
		H10000032C12345600000003 /* Release */ = {
			isa = XCBuildConfiguration;
			buildSettings = {
				ASSETCATALOG_COMPILER_APPICON_NAME = AppIcon;
				ASSETCATALOG_COMPILER_GLOBAL_ACCENT_COLOR_NAME = AccentColor;
				CODE_SIGN_STYLE = Automatic;
				CURRENT_PROJECT_VERSION = 1;
				DEVELOPMENT_TEAM = "";
				GENERATE_INFOPLIST_FILE = NO;
				INFOPLIST_FILE = Info.plist;
				LD_RUNPATH_SEARCH_PATHS = (
					"$(inherited)",
					"@executable_path/Frameworks",
				);
				MARKETING_VERSION = 1.0.0;
				PRODUCT_BUNDLE_IDENTIFIER = com.samvel.netpulse;
				PRODUCT_NAME = "$(TARGET_NAME)";
				SWIFT_EMIT_LOC_STRINGS = YES;
				TARGETED_DEVICE_FAMILY = "1,2";
			};
			name = Release;
		};
		H20000022C12345600000002 /* Debug */ = {
			isa = XCBuildConfiguration;
			buildSettings = {
				CODE_SIGN_STYLE = Automatic;
				CURRENT_PROJECT_VERSION = 1;
				DEVELOPMENT_TEAM = "";
				GENERATE_INFOPLIST_FILE = NO;
				INFOPLIST_FILE = NetPulseWidgets/Info.plist;
				IPHONEOS_DEPLOYMENT_TARGET = 17.0;
				LD_RUNPATH_SEARCH_PATHS = (
					"$(inherited)",
					"@executable_path/Frameworks",
					"@executable_path/../../Frameworks",
				);
				MARKETING_VERSION = 1.0.0;
				PRODUCT_BUNDLE_IDENTIFIER = com.samvel.netpulse.NetPulseWidgets;
				PRODUCT_NAME = "$(TARGET_NAME)";
				SKIP_INSTALL = YES;
				SWIFT_EMIT_LOC_STRINGS = YES;
				SWIFT_VERSION = 5.0;
				TARGETED_DEVICE_FAMILY = "1,2";
			};
			name = Debug;
		};
		H20000032C12345600000003 /* Release */ = {
			isa = XCBuildConfiguration;
			buildSettings = {
				CODE_SIGN_STYLE = Automatic;
				CURRENT_PROJECT_VERSION = 1;
				DEVELOPMENT_TEAM = "";
				GENERATE_INFOPLIST_FILE = NO;
				INFOPLIST_FILE = NetPulseWidgets/Info.plist;
				IPHONEOS_DEPLOYMENT_TARGET = 17.0;
				LD_RUNPATH_SEARCH_PATHS = (
					"$(inherited)",
					"@executable_path/Frameworks",
					"@executable_path/../../Frameworks",
				);
				MARKETING_VERSION = 1.0.0;
				PRODUCT_BUNDLE_IDENTIFIER = com.samvel.netpulse.NetPulseWidgets;
				PRODUCT_NAME = "$(TARGET_NAME)";
				SKIP_INSTALL = YES;
				SWIFT_EMIT_LOC_STRINGS = YES;
				SWIFT_VERSION = 5.0;
				TARGETED_DEVICE_FAMILY = "1,2";
			};
			name = Release;
		};
/* End XCBuildConfiguration section */

/* Begin XCConfigurationList section */
		G10000002C12345600000000 /* Build configuration list for PBXProject "NetPulse" */ = {
			isa = XCConfigurationList;
			buildConfigurations = (
				H10000002C12345600000000 /* Debug */,
				H10000012C12345600000001 /* Release */,
			);
			defaultConfigurationIsVisible = 0;
			defaultConfigurationName = Release;
		};
		G10000012C12345600000001 /* Build configuration list for PBXNativeTarget "NetPulse" */ = {
			isa = XCConfigurationList;
			buildConfigurations = (
				H10000022C12345600000002 /* Debug */,
				H10000032C12345600000003 /* Release */,
			);
			defaultConfigurationIsVisible = 0;
			defaultConfigurationName = Release;
		};
		G20000012C12345600000001 /* Build configuration list for PBXNativeTarget "NetPulseWidgets" */ = {
			isa = XCConfigurationList;
			buildConfigurations = (
				H20000022C12345600000002 /* Debug */,
				H20000032C12345600000003 /* Release */,
			);
			defaultConfigurationIsVisible = 0;
			defaultConfigurationName = Release;
		};
/* End XCConfigurationList section */

	};
	rootObject = 010000002C12345600000000 /* Project object */;
}
